
Microsoft Visual Studio Solution File, Format Version 12.00
# Visual Studio Version 16
VisualStudioVersion = 16.0.30804.86
MinimumVisualStudioVersion = 10.0.40219.1
Project("{FAE04EC0-301F-11D3-BF4B-00C04F79EFBC}") = "Sities", "Sities.csproj", "{FC1C204C-7B9A-4228-A565-EE7F762390DE}"
EndProject
Global
	GlobalSection(SolutionConfigurationPlatforms) = preSolution
		Debug|Any CPU = Debug|Any CPU
		Release|Any CPU = Release|Any CPU
	EndGlobalSection
	GlobalSection(ProjectConfigurationPlatforms) = postSolution
		{FC1C204C-7B9A-4228-A565-EE7F762390DE}.Debug|Any CPU.ActiveCfg = Debug|Any CPU
		{FC1C204C-7B9A-4228-A565-EE7F762390DE}.Debug|Any CPU.Build.0 = Debug|Any CPU
		{FC1C204C-7B9A-4228-A565-EE7F762390DE}.Release|Any CPU.ActiveCfg = Release|Any CPU
		{FC1C204C-7B9A-4228-A565-EE7F762390DE}.Release|Any CPU.Build.0 = Release|Any CPU
	EndGlobalSection
	GlobalSection(SolutionProperties) = preSolution
		HideSolutionNode = FALSE
	EndGlobalSection
	GlobalSection(ExtensibilityGlobals) = postSolution
		SolutionGuid = {8C848215-C4EF-4012-BE34-4933A8CD58F9}
	EndGlobalSection
EndGlobal
